
Microsoft Visual Studio Solution File, Format Version 12.00
# Visual Studio Version 16
VisualStudioVersion = 16.0.32106.194
MinimumVisualStudioVersion = 10.0.40219.1
Project("{FAE04EC0-301F-11D3-BF4B-00C04F79EFBC}") = "Linear Search", "Linear Search\Linear Search.csproj", "{EC7E8DF3-B758-457F-9D04-7652F605D337}"
EndProject
Global
	GlobalSection(SolutionConfigurationPlatforms) = preSolution
		Debug|Any CPU = Debug|Any CPU
		Release|Any CPU = Release|Any CPU
	EndGlobalSection
	GlobalSection(ProjectConfigurationPlatforms) = postSolution
		{EC7E8DF3-B758-457F-9D04-7652F605D337}.Debug|Any CPU.ActiveCfg = Debug|Any CPU
		{EC7E8DF3-B758-457F-9D04-7652F605D337}.Debug|Any CPU.Build.0 = Debug|Any CPU
		{EC7E8DF3-B758-457F-9D04-7652F605D337}.Release|Any CPU.ActiveCfg = Release|Any CPU
		{EC7E8DF3-B758-457F-9D04-7652F605D337}.Release|Any CPU.Build.0 = Release|Any CPU
	EndGlobalSection
	GlobalSection(SolutionProperties) = preSolution
		HideSolutionNode = FALSE
	EndGlobalSection
	GlobalSection(ExtensibilityGlobals) = postSolution
		SolutionGuid = {C9AE4718-5F9B-437F-B7F4-3C2B74D07EC4}
	EndGlobalSection
EndGlobal
